
Microsoft Visual Studio Solution File, Format Version 12.00
# Visual Studio Version 17
VisualStudioVersion = 17.10.35013.160
MinimumVisualStudioVersion = 10.0.40219.1
Project("{FAE04EC0-301F-11D3-BF4B-00C04F79EFBC}") = "InventoryService", "InventoryService\InventoryService.csproj", "{EB613BCA-1C26-4C0C-A5EF-DCBF79E7180B}"
EndProject
Global
	GlobalSection(SolutionConfigurationPlatforms) = preSolution
		Debug|Any CPU = Debug|Any CPU
		Release|Any CPU = Release|Any CPU
	EndGlobalSection
	GlobalSection(ProjectConfigurationPlatforms) = postSolution
		{EB613BCA-1C26-4C0C-A5EF-DCBF79E7180B}.Debug|Any CPU.ActiveCfg = Debug|Any CPU
		{EB613BCA-1C26-4C0C-A5EF-DCBF79E7180B}.Debug|Any CPU.Build.0 = Debug|Any CPU
		{EB613BCA-1C26-4C0C-A5EF-DCBF79E7180B}.Release|Any CPU.ActiveCfg = Release|Any CPU
		{EB613BCA-1C26-4C0C-A5EF-DCBF79E7180B}.Release|Any CPU.Build.0 = Release|Any CPU
	EndGlobalSection
	GlobalSection(SolutionProperties) = preSolution
		HideSolutionNode = FALSE
	EndGlobalSection
	GlobalSection(ExtensibilityGlobals) = postSolution
		SolutionGuid = {7A298B92-79B0-4332-B1ED-B24FE88082BC}
	EndGlobalSection
EndGlobal
