
Microsoft Visual Studio Solution File, Format Version 12.00
# Visual Studio Version 17
VisualStudioVersion = 17.10.35013.160
MinimumVisualStudioVersion = 10.0.40219.1
Project("{9A19103F-16F7-4668-BE54-9A1E7A4F7556}") = "ProductService", "..\ProductService\ProductService\ProductService.csproj", "{31885BC0-6E98-4EC7-B39A-793624977415}"
EndProject
Project("{9A19103F-16F7-4668-BE54-9A1E7A4F7556}") = "InventoryService", "..\InventoryService\InventoryService\InventoryService.csproj", "{B9974137-0BE4-41B2-B656-D1FD607E8D16}"
EndProject
Global
	GlobalSection(SolutionConfigurationPlatforms) = preSolution
		Debug|Any CPU = Debug|Any CPU
		Release|Any CPU = Release|Any CPU
	EndGlobalSection
	GlobalSection(ProjectConfigurationPlatforms) = postSolution
		{31885BC0-6E98-4EC7-B39A-793624977415}.Debug|Any CPU.ActiveCfg = Debug|Any CPU
		{31885BC0-6E98-4EC7-B39A-793624977415}.Debug|Any CPU.Build.0 = Debug|Any CPU
		{31885BC0-6E98-4EC7-B39A-793624977415}.Release|Any CPU.ActiveCfg = Release|Any CPU
		{31885BC0-6E98-4EC7-B39A-793624977415}.Release|Any CPU.Build.0 = Release|Any CPU
		{B9974137-0BE4-41B2-B656-D1FD607E8D16}.Debug|Any CPU.ActiveCfg = Debug|Any CPU
		{B9974137-0BE4-41B2-B656-D1FD607E8D16}.Debug|Any CPU.Build.0 = Debug|Any CPU
		{B9974137-0BE4-41B2-B656-D1FD607E8D16}.Release|Any CPU.ActiveCfg = Release|Any CPU
		{B9974137-0BE4-41B2-B656-D1FD607E8D16}.Release|Any CPU.Build.0 = Release|Any CPU
	EndGlobalSection
	GlobalSection(SolutionProperties) = preSolution
		HideSolutionNode = FALSE
	EndGlobalSection
	GlobalSection(ExtensibilityGlobals) = postSolution
		SolutionGuid = {D0C56E44-A1B7-4A77-994A-9221713A4FC9}
	EndGlobalSection
EndGlobal
